{
  "version": 4,
  "terraform_version": "1.6.1",
  "serial": 87,
  "lineage": "196fb042-f612-1d1f-1909-6c98999de7b6",
  "outputs": {},
  "resources": [
    {
      "mode": "managed",
      "type": "digitalocean_droplet",
      "name": "serverapp",
      "provider": "provider[\"registry.terraform.io/digitalocean/digitalocean\"]",
      "instances": [
        {
          "status": "tainted",
          "schema_version": 1,
          "attributes": {
            "backups": false,
            "created_at": "2023-10-17T01:34:03Z",
            "disk": 25,
            "droplet_agent": null,
            "graceful_shutdown": false,
            "id": "380062399",
            "image": "docker-20-04",
            "ipv4_address": "138.197.95.94",
            "ipv4_address_private": "10.108.0.2",
            "ipv6": false,
            "ipv6_address": "",
            "locked": false,
            "memory": 1024,
            "monitoring": false,
            "name": "digiserver",
            "price_hourly": 0.00893,
            "price_monthly": 6,
            "private_networking": true,
            "region": "nyc3",
            "resize_disk": true,
            "size": "s-1vcpu-1gb",
            "ssh_keys": [
              "6c:ee:fd:83:10:64:2d:01:c4:3b:91:68:f5:f6:dc:77"
            ],
            "status": "active",
            "tags": null,
            "timeouts": null,
            "urn": "do:droplet:380062399",
            "user_data": null,
            "vcpus": 1,
            "volume_ids": [],
            "vpc_uuid": "f53a38b9-1286-4f8e-adb8-5254d777ab75"
          },
          "sensitive_attributes": [],
          "private": "eyJlMmJmYjczMC1lY2FhLTExZTYtOGY4OC0zNDM2M2JjN2M0YzAiOnsiY3JlYXRlIjozNjAwMDAwMDAwMDAwLCJkZWxldGUiOjYwMDAwMDAwMDAwLCJ1cGRhdGUiOjM2MDAwMDAwMDAwMDB9LCJzY2hlbWFfdmVyc2lvbiI6IjEifQ=="
        }
      ]
    }
  ],
  "check_results": null
}
